
Microsoft Visual Studio Solution File, Format Version 12.00
# Visual Studio Version 17
VisualStudioVersion = 17.0.31903.59
MinimumVisualStudioVersion = 10.0.40219.1
Project("{2150E333-8FDC-42A3-9474-1A3956D46DE8}") = "src", "src", "{AC8C1A50-16B1-4B7E-872E-DE1CE6F39588}"
EndProject
Project("{2150E333-8FDC-42A3-9474-1A3956D46DE8}") = "Shared", "Shared", "{A6B02605-A248-49DB-8526-20C7480C6F6A}"
EndProject
Project("{FAE04EC0-301F-11D3-BF4B-00C04F79EFBC}") = "DSAGrind.Common", "src\Shared\DSAGrind.Common\DSAGrind.Common.csproj", "{B1F14948-4703-4C1B-B957-0F31DE0E7D90}"
EndProject
Project("{FAE04EC0-301F-11D3-BF4B-00C04F79EFBC}") = "DSAGrind.Models", "src\Shared\DSAGrind.Models\DSAGrind.Models.csproj", "{714F8207-C5F3-4734-96A7-9D6DEE248FD3}"
EndProject
Project("{FAE04EC0-301F-11D3-BF4B-00C04F79EFBC}") = "DSAGrind.Events", "src\Shared\DSAGrind.Events\DSAGrind.Events.csproj", "{F5F49076-DE43-4756-B10D-BB54D5BB8E1F}"
EndProject
Project("{2150E333-8FDC-42A3-9474-1A3956D46DE8}") = "Services", "Services", "{77725196-CD4E-43BA-A2D3-F2D2EF3E0E32}"
EndProject
Project("{FAE04EC0-301F-11D3-BF4B-00C04F79EFBC}") = "DSAGrind.Auth.API", "src\Services\DSAGrind.Auth.API\DSAGrind.Auth.API.csproj", "{563F4A00-413A-4003-9A6D-CBD03328CDAC}"
EndProject
Project("{FAE04EC0-301F-11D3-BF4B-00C04F79EFBC}") = "DSAGrind.Problems.API", "src\Services\DSAGrind.Problems.API\DSAGrind.Problems.API.csproj", "{4EEA8FED-EB44-49A5-9485-DE4EEA2400C3}"
EndProject
Project("{FAE04EC0-301F-11D3-BF4B-00C04F79EFBC}") = "DSAGrind.Submissions.API", "src\Services\DSAGrind.Submissions.API\DSAGrind.Submissions.API.csproj", "{CBE6B92D-A301-401E-89DA-2FB6BFF674BB}"
EndProject
Project("{FAE04EC0-301F-11D3-BF4B-00C04F79EFBC}") = "DSAGrind.AI.API", "src\Services\DSAGrind.AI.API\DSAGrind.AI.API.csproj", "{BB007E6C-A864-41CB-BAE3-426E3D3931C0}"
EndProject
Project("{FAE04EC0-301F-11D3-BF4B-00C04F79EFBC}") = "DSAGrind.Search.API", "src\Services\DSAGrind.Search.API\DSAGrind.Search.API.csproj", "{BAA09971-6BE3-4EC2-BC8F-EC3EE4984025}"
EndProject
Project("{FAE04EC0-301F-11D3-BF4B-00C04F79EFBC}") = "DSAGrind.Admin.API", "src\Services\DSAGrind.Admin.API\DSAGrind.Admin.API.csproj", "{1B4FF869-E862-4384-8610-CC7DC681F3C9}"
EndProject
Project("{FAE04EC0-301F-11D3-BF4B-00C04F79EFBC}") = "DSAGrind.Payments.API", "src\Services\DSAGrind.Payments.API\DSAGrind.Payments.API.csproj", "{693CF173-99AF-4C63-8F7C-7C3E9681F518}"
EndProject
Project("{FAE04EC0-301F-11D3-BF4B-00C04F79EFBC}") = "DSAGrind.Gateway.API", "src\Services\DSAGrind.Gateway.API\DSAGrind.Gateway.API.csproj", "{06A21C03-4377-42FB-8011-A0BFD5742243}"
EndProject
Global
	GlobalSection(SolutionConfigurationPlatforms) = preSolution
		Debug|Any CPU = Debug|Any CPU
		Release|Any CPU = Release|Any CPU
	EndGlobalSection
	GlobalSection(SolutionProperties) = preSolution
		HideSolutionNode = FALSE
	EndGlobalSection
	GlobalSection(ProjectConfigurationPlatforms) = postSolution
		{B1F14948-4703-4C1B-B957-0F31DE0E7D90}.Debug|Any CPU.ActiveCfg = Debug|Any CPU
		{B1F14948-4703-4C1B-B957-0F31DE0E7D90}.Debug|Any CPU.Build.0 = Debug|Any CPU
		{B1F14948-4703-4C1B-B957-0F31DE0E7D90}.Release|Any CPU.ActiveCfg = Release|Any CPU
		{B1F14948-4703-4C1B-B957-0F31DE0E7D90}.Release|Any CPU.Build.0 = Release|Any CPU
		{714F8207-C5F3-4734-96A7-9D6DEE248FD3}.Debug|Any CPU.ActiveCfg = Debug|Any CPU
		{714F8207-C5F3-4734-96A7-9D6DEE248FD3}.Debug|Any CPU.Build.0 = Debug|Any CPU
		{714F8207-C5F3-4734-96A7-9D6DEE248FD3}.Release|Any CPU.ActiveCfg = Release|Any CPU
		{714F8207-C5F3-4734-96A7-9D6DEE248FD3}.Release|Any CPU.Build.0 = Release|Any CPU
		{F5F49076-DE43-4756-B10D-BB54D5BB8E1F}.Debug|Any CPU.ActiveCfg = Debug|Any CPU
		{F5F49076-DE43-4756-B10D-BB54D5BB8E1F}.Debug|Any CPU.Build.0 = Debug|Any CPU
		{F5F49076-DE43-4756-B10D-BB54D5BB8E1F}.Release|Any CPU.ActiveCfg = Release|Any CPU
		{F5F49076-DE43-4756-B10D-BB54D5BB8E1F}.Release|Any CPU.Build.0 = Release|Any CPU
		{563F4A00-413A-4003-9A6D-CBD03328CDAC}.Debug|Any CPU.ActiveCfg = Debug|Any CPU
		{563F4A00-413A-4003-9A6D-CBD03328CDAC}.Debug|Any CPU.Build.0 = Debug|Any CPU
		{563F4A00-413A-4003-9A6D-CBD03328CDAC}.Release|Any CPU.ActiveCfg = Release|Any CPU
		{563F4A00-413A-4003-9A6D-CBD03328CDAC}.Release|Any CPU.Build.0 = Release|Any CPU
		{4EEA8FED-EB44-49A5-9485-DE4EEA2400C3}.Debug|Any CPU.ActiveCfg = Debug|Any CPU
		{4EEA8FED-EB44-49A5-9485-DE4EEA2400C3}.Debug|Any CPU.Build.0 = Debug|Any CPU
		{4EEA8FED-EB44-49A5-9485-DE4EEA2400C3}.Release|Any CPU.ActiveCfg = Release|Any CPU
		{4EEA8FED-EB44-49A5-9485-DE4EEA2400C3}.Release|Any CPU.Build.0 = Release|Any CPU
		{CBE6B92D-A301-401E-89DA-2FB6BFF674BB}.Debug|Any CPU.ActiveCfg = Debug|Any CPU
		{CBE6B92D-A301-401E-89DA-2FB6BFF674BB}.Debug|Any CPU.Build.0 = Debug|Any CPU
		{CBE6B92D-A301-401E-89DA-2FB6BFF674BB}.Release|Any CPU.ActiveCfg = Release|Any CPU
		{CBE6B92D-A301-401E-89DA-2FB6BFF674BB}.Release|Any CPU.Build.0 = Release|Any CPU
		{BB007E6C-A864-41CB-BAE3-426E3D3931C0}.Debug|Any CPU.ActiveCfg = Debug|Any CPU
		{BB007E6C-A864-41CB-BAE3-426E3D3931C0}.Debug|Any CPU.Build.0 = Debug|Any CPU
		{BB007E6C-A864-41CB-BAE3-426E3D3931C0}.Release|Any CPU.ActiveCfg = Release|Any CPU
		{BB007E6C-A864-41CB-BAE3-426E3D3931C0}.Release|Any CPU.Build.0 = Release|Any CPU
		{BAA09971-6BE3-4EC2-BC8F-EC3EE4984025}.Debug|Any CPU.ActiveCfg = Debug|Any CPU
		{BAA09971-6BE3-4EC2-BC8F-EC3EE4984025}.Debug|Any CPU.Build.0 = Debug|Any CPU
		{BAA09971-6BE3-4EC2-BC8F-EC3EE4984025}.Release|Any CPU.ActiveCfg = Release|Any CPU
		{BAA09971-6BE3-4EC2-BC8F-EC3EE4984025}.Release|Any CPU.Build.0 = Release|Any CPU
		{1B4FF869-E862-4384-8610-CC7DC681F3C9}.Debug|Any CPU.ActiveCfg = Debug|Any CPU
		{1B4FF869-E862-4384-8610-CC7DC681F3C9}.Debug|Any CPU.Build.0 = Debug|Any CPU
		{1B4FF869-E862-4384-8610-CC7DC681F3C9}.Release|Any CPU.ActiveCfg = Release|Any CPU
		{1B4FF869-E862-4384-8610-CC7DC681F3C9}.Release|Any CPU.Build.0 = Release|Any CPU
		{693CF173-99AF-4C63-8F7C-7C3E9681F518}.Debug|Any CPU.ActiveCfg = Debug|Any CPU
		{693CF173-99AF-4C63-8F7C-7C3E9681F518}.Debug|Any CPU.Build.0 = Debug|Any CPU
		{693CF173-99AF-4C63-8F7C-7C3E9681F518}.Release|Any CPU.ActiveCfg = Release|Any CPU
		{693CF173-99AF-4C63-8F7C-7C3E9681F518}.Release|Any CPU.Build.0 = Release|Any CPU
		{06A21C03-4377-42FB-8011-A0BFD5742243}.Debug|Any CPU.ActiveCfg = Debug|Any CPU
		{06A21C03-4377-42FB-8011-A0BFD5742243}.Debug|Any CPU.Build.0 = Debug|Any CPU
		{06A21C03-4377-42FB-8011-A0BFD5742243}.Release|Any CPU.ActiveCfg = Release|Any CPU
		{06A21C03-4377-42FB-8011-A0BFD5742243}.Release|Any CPU.Build.0 = Release|Any CPU
	EndGlobalSection
	GlobalSection(NestedProjects) = preSolution
		{A6B02605-A248-49DB-8526-20C7480C6F6A} = {AC8C1A50-16B1-4B7E-872E-DE1CE6F39588}
		{B1F14948-4703-4C1B-B957-0F31DE0E7D90} = {A6B02605-A248-49DB-8526-20C7480C6F6A}
		{714F8207-C5F3-4734-96A7-9D6DEE248FD3} = {A6B02605-A248-49DB-8526-20C7480C6F6A}
		{F5F49076-DE43-4756-B10D-BB54D5BB8E1F} = {A6B02605-A248-49DB-8526-20C7480C6F6A}
		{77725196-CD4E-43BA-A2D3-F2D2EF3E0E32} = {AC8C1A50-16B1-4B7E-872E-DE1CE6F39588}
		{563F4A00-413A-4003-9A6D-CBD03328CDAC} = {77725196-CD4E-43BA-A2D3-F2D2EF3E0E32}
		{4EEA8FED-EB44-49A5-9485-DE4EEA2400C3} = {77725196-CD4E-43BA-A2D3-F2D2EF3E0E32}
		{CBE6B92D-A301-401E-89DA-2FB6BFF674BB} = {77725196-CD4E-43BA-A2D3-F2D2EF3E0E32}
		{BB007E6C-A864-41CB-BAE3-426E3D3931C0} = {77725196-CD4E-43BA-A2D3-F2D2EF3E0E32}
		{BAA09971-6BE3-4EC2-BC8F-EC3EE4984025} = {77725196-CD4E-43BA-A2D3-F2D2EF3E0E32}
		{1B4FF869-E862-4384-8610-CC7DC681F3C9} = {77725196-CD4E-43BA-A2D3-F2D2EF3E0E32}
		{693CF173-99AF-4C63-8F7C-7C3E9681F518} = {77725196-CD4E-43BA-A2D3-F2D2EF3E0E32}
		{06A21C03-4377-42FB-8011-A0BFD5742243} = {77725196-CD4E-43BA-A2D3-F2D2EF3E0E32}
	EndGlobalSection
EndGlobal
